
Microsoft Visual Studio Solution File, Format Version 12.00
# Visual Studio Version 16
VisualStudioVersion = 16.0.30804.86
MinimumVisualStudioVersion = 10.0.40219.1
Project("{FAE04EC0-301F-11D3-BF4B-00C04F79EFBC}") = "Stronglly_TypeView", "Stronglly_TypeView\Stronglly_TypeView.csproj", "{273B2388-BC50-40F5-A8F3-0ED2D802FF8B}"
EndProject
Global
	GlobalSection(SolutionConfigurationPlatforms) = preSolution
		Debug|Any CPU = Debug|Any CPU
		Release|Any CPU = Release|Any CPU
	EndGlobalSection
	GlobalSection(ProjectConfigurationPlatforms) = postSolution
		{273B2388-BC50-40F5-A8F3-0ED2D802FF8B}.Debug|Any CPU.ActiveCfg = Debug|Any CPU
		{273B2388-BC50-40F5-A8F3-0ED2D802FF8B}.Debug|Any CPU.Build.0 = Debug|Any CPU
		{273B2388-BC50-40F5-A8F3-0ED2D802FF8B}.Release|Any CPU.ActiveCfg = Release|Any CPU
		{273B2388-BC50-40F5-A8F3-0ED2D802FF8B}.Release|Any CPU.Build.0 = Release|Any CPU
	EndGlobalSection
	GlobalSection(SolutionProperties) = preSolution
		HideSolutionNode = FALSE
	EndGlobalSection
	GlobalSection(ExtensibilityGlobals) = postSolution
		SolutionGuid = {85EA47E8-C875-43D9-9BB3-A5AB250890F0}
	EndGlobalSection
EndGlobal
